Microsoft Visual Studio Solution File, Format Version 12.00
# Visual Studio Version 17
VisualStudioVersion = 17.5.2.0
MinimumVisualStudioVersion = 10.0.40219.1
Project("{FAE04EC0-301F-11D3-BF4B-00C04F79EFBC}") = "dotnet8_hero", "dotnet8_hero.csproj", "{3BA363DB-75D9-C770-BEAA-22F56C840363}"
EndProject
Global
	GlobalSection(SolutionConfigurationPlatforms) = preSolution
		Debug|Any CPU = Debug|Any CPU
		Release|Any CPU = Release|Any CPU
	EndGlobalSection
	GlobalSection(ProjectConfigurationPlatforms) = postSolution
		{3BA363DB-75D9-C770-BEAA-22F56C840363}.Debug|Any CPU.ActiveCfg = Debug|Any CPU
		{3BA363DB-75D9-C770-BEAA-22F56C840363}.Debug|Any CPU.Build.0 = Debug|Any CPU
		{3BA363DB-75D9-C770-BEAA-22F56C840363}.Release|Any CPU.ActiveCfg = Release|Any CPU
		{3BA363DB-75D9-C770-BEAA-22F56C840363}.Release|Any CPU.Build.0 = Release|Any CPU
	EndGlobalSection
	GlobalSection(SolutionProperties) = preSolution
		HideSolutionNode = FALSE
	EndGlobalSection
	GlobalSection(ExtensibilityGlobals) = postSolution
		SolutionGuid = {21A18287-B011-4857-8929-D6D9EEA7ACDC}
	EndGlobalSection
EndGlobal
